
Microsoft Visual Studio Solution File, Format Version 12.00
# Visual Studio 14
VisualStudioVersion = 14.0.24720.0
MinimumVisualStudioVersion = 10.0.40219.1
Project("{FAE04EC0-301F-11D3-BF4B-00C04F79EFBC}") = "04. Hello World", "04. Hello World\04. Hello World.csproj", "{B7276962-90D2-4C7C-BF83-87C46CE2B9CC}"
EndProject
Project("{FAE04EC0-301F-11D3-BF4B-00C04F79EFBC}") = "05. Print Your Name", "05. PrintYourName\05. Print Your Name.csproj", "{A8E7D23C-3FEB-4331-B76C-0CCFFB8A78C4}"
EndProject
Project("{FAE04EC0-301F-11D3-BF4B-00C04F79EFBC}") = "06. Print Numbers", "06. Print Numbers\06. Print Numbers.csproj", "{5E3D4F48-34F7-42AB-9FDB-DFC69F4A0B5E}"
EndProject
Project("{FAE04EC0-301F-11D3-BF4B-00C04F79EFBC}") = "07. Print First And Last Name", "07. Print First And Last Name\07. Print First And Last Name.csproj", "{D82F40E1-6471-45F5-8A58-E7E0BDAB4CEC}"
EndProject
Project("{FAE04EC0-301F-11D3-BF4B-00C04F79EFBC}") = "08. Square Root", "08. Square Root\08. Square Root.csproj", "{0519E5EB-F4A0-488C-9056-9F27B5623ECE}"
EndProject
Project("{FAE04EC0-301F-11D3-BF4B-00C04F79EFBC}") = "09. Print A Sequence", "09. Print A Sequence\09. Print A Sequence.csproj", "{4E8EDDD6-626C-4A6D-A099-DCB813C7E9E2}"
EndProject
Project("{FAE04EC0-301F-11D3-BF4B-00C04F79EFBC}") = "14. Current Date And Time", "14. Current Date And Time\14. Current Date And Time.csproj", "{0F69DB72-F68C-418C-85A5-521EA27DA04A}"
EndProject
Project("{FAE04EC0-301F-11D3-BF4B-00C04F79EFBC}") = "10. Horrible Code", "10. Horrible Code\10. Horrible Code.csproj", "{6AE9A936-97AE-432B-A0A5-39E4FFE9AD1A}"
EndProject
Project("{FAE04EC0-301F-11D3-BF4B-00C04F79EFBC}") = "15. Age After 10 Years", "15. Age After 10 Years\15. Age After 10 Years.csproj", "{E6AF0D48-BDE6-4D24-A30E-6EF7760FE897}"
EndProject
Project("{FAE04EC0-301F-11D3-BF4B-00C04F79EFBC}") = "16. Print Long Sequence", "16. Print Long Sequence\16. Print Long Sequence.csproj", "{F1A72314-C5EE-4864-A414-90FECA6A9137}"
EndProject
Global
	GlobalSection(SolutionConfigurationPlatforms) = preSolution
		Debug|Any CPU = Debug|Any CPU
		Release|Any CPU = Release|Any CPU
	EndGlobalSection
	GlobalSection(ProjectConfigurationPlatforms) = postSolution
		{B7276962-90D2-4C7C-BF83-87C46CE2B9CC}.Debug|Any CPU.ActiveCfg = Debug|Any CPU
		{B7276962-90D2-4C7C-BF83-87C46CE2B9CC}.Debug|Any CPU.Build.0 = Debug|Any CPU
		{B7276962-90D2-4C7C-BF83-87C46CE2B9CC}.Release|Any CPU.ActiveCfg = Release|Any CPU
		{B7276962-90D2-4C7C-BF83-87C46CE2B9CC}.Release|Any CPU.Build.0 = Release|Any CPU
		{A8E7D23C-3FEB-4331-B76C-0CCFFB8A78C4}.Debug|Any CPU.ActiveCfg = Debug|Any CPU
		{A8E7D23C-3FEB-4331-B76C-0CCFFB8A78C4}.Debug|Any CPU.Build.0 = Debug|Any CPU
		{A8E7D23C-3FEB-4331-B76C-0CCFFB8A78C4}.Release|Any CPU.ActiveCfg = Release|Any CPU
		{A8E7D23C-3FEB-4331-B76C-0CCFFB8A78C4}.Release|Any CPU.Build.0 = Release|Any CPU
		{5E3D4F48-34F7-42AB-9FDB-DFC69F4A0B5E}.Debug|Any CPU.ActiveCfg = Debug|Any CPU
		{5E3D4F48-34F7-42AB-9FDB-DFC69F4A0B5E}.Debug|Any CPU.Build.0 = Debug|Any CPU
		{5E3D4F48-34F7-42AB-9FDB-DFC69F4A0B5E}.Release|Any CPU.ActiveCfg = Release|Any CPU
		{5E3D4F48-34F7-42AB-9FDB-DFC69F4A0B5E}.Release|Any CPU.Build.0 = Release|Any CPU
		{D82F40E1-6471-45F5-8A58-E7E0BDAB4CEC}.Debug|Any CPU.ActiveCfg = Debug|Any CPU
		{D82F40E1-6471-45F5-8A58-E7E0BDAB4CEC}.Debug|Any CPU.Build.0 = Debug|Any CPU
		{D82F40E1-6471-45F5-8A58-E7E0BDAB4CEC}.Release|Any CPU.ActiveCfg = Release|Any CPU
		{D82F40E1-6471-45F5-8A58-E7E0BDAB4CEC}.Release|Any CPU.Build.0 = Release|Any CPU
		{0519E5EB-F4A0-488C-9056-9F27B5623ECE}.Debug|Any CPU.ActiveCfg = Debug|Any CPU
		{0519E5EB-F4A0-488C-9056-9F27B5623ECE}.Debug|Any CPU.Build.0 = Debug|Any CPU
		{0519E5EB-F4A0-488C-9056-9F27B5623ECE}.Release|Any CPU.ActiveCfg = Release|Any CPU
		{0519E5EB-F4A0-488C-9056-9F27B5623ECE}.Release|Any CPU.Build.0 = Release|Any CPU
		{4E8EDDD6-626C-4A6D-A099-DCB813C7E9E2}.Debug|Any CPU.ActiveCfg = Debug|Any CPU
		{4E8EDDD6-626C-4A6D-A099-DCB813C7E9E2}.Debug|Any CPU.Build.0 = Debug|Any CPU
		{4E8EDDD6-626C-4A6D-A099-DCB813C7E9E2}.Release|Any CPU.ActiveCfg = Release|Any CPU
		{4E8EDDD6-626C-4A6D-A099-DCB813C7E9E2}.Release|Any CPU.Build.0 = Release|Any CPU
		{0F69DB72-F68C-418C-85A5-521EA27DA04A}.Debug|Any CPU.ActiveCfg = Debug|Any CPU
		{0F69DB72-F68C-418C-85A5-521EA27DA04A}.Debug|Any CPU.Build.0 = Debug|Any CPU
		{0F69DB72-F68C-418C-85A5-521EA27DA04A}.Release|Any CPU.ActiveCfg = Release|Any CPU
		{0F69DB72-F68C-418C-85A5-521EA27DA04A}.Release|Any CPU.Build.0 = Release|Any CPU
		{6AE9A936-97AE-432B-A0A5-39E4FFE9AD1A}.Debug|Any CPU.ActiveCfg = Debug|Any CPU
		{6AE9A936-97AE-432B-A0A5-39E4FFE9AD1A}.Debug|Any CPU.Build.0 = Debug|Any CPU
		{6AE9A936-97AE-432B-A0A5-39E4FFE9AD1A}.Release|Any CPU.ActiveCfg = Release|Any CPU
		{6AE9A936-97AE-432B-A0A5-39E4FFE9AD1A}.Release|Any CPU.Build.0 = Release|Any CPU
		{E6AF0D48-BDE6-4D24-A30E-6EF7760FE897}.Debug|Any CPU.ActiveCfg = Debug|Any CPU
		{E6AF0D48-BDE6-4D24-A30E-6EF7760FE897}.Debug|Any CPU.Build.0 = Debug|Any CPU
		{E6AF0D48-BDE6-4D24-A30E-6EF7760FE897}.Release|Any CPU.ActiveCfg = Release|Any CPU
		{E6AF0D48-BDE6-4D24-A30E-6EF7760FE897}.Release|Any CPU.Build.0 = Release|Any CPU
		{F1A72314-C5EE-4864-A414-90FECA6A9137}.Debug|Any CPU.ActiveCfg = Debug|Any CPU
		{F1A72314-C5EE-4864-A414-90FECA6A9137}.Debug|Any CPU.Build.0 = Debug|Any CPU
		{F1A72314-C5EE-4864-A414-90FECA6A9137}.Release|Any CPU.ActiveCfg = Release|Any CPU
		{F1A72314-C5EE-4864-A414-90FECA6A9137}.Release|Any CPU.Build.0 = Release|Any CPU
	EndGlobalSection
	GlobalSection(SolutionProperties) = preSolution
		HideSolutionNode = FALSE
	EndGlobalSection
EndGlobal
