
Microsoft Visual Studio Solution File, Format Version 11.00
# Visual Studio 2010
Project("{FAE04EC0-301F-11D3-BF4B-00C04F79EFBC}") = "01._Average", "01._Average\01._Average.csproj", "{DAFE75A2-674C-4445-B61D-AD2802BC85AC}"
EndProject
Project("{FAE04EC0-301F-11D3-BF4B-00C04F79EFBC}") = "02._Trapezoid", "02._Trapezoid\02._Trapezoid.csproj", "{F05915EC-236E-4258-8BE0-8BBB48EDF4E8}"
EndProject
Project("{FAE04EC0-301F-11D3-BF4B-00C04F79EFBC}") = "03._Last_Digit", "03._Last_Digit\03._Last_Digit.csproj", "{2149A6A0-E8BC-4489-A00D-784DB1871260}"
EndProject
Project("{FAE04EC0-301F-11D3-BF4B-00C04F79EFBC}") = "04._N-th_Digit", "04._N-th_Digit\04._N-th_Digit.csproj", "{792DA2D4-31E9-4EDC-AFF2-4B32D2DC3CBD}"
EndProject
Project("{FAE04EC0-301F-11D3-BF4B-00C04F79EFBC}") = "05._Big_And_Odd", "05._Big_And_Odd\05._Big_And_Odd.csproj", "{4E082C7F-CB9F-485A-B535-62AA85813F84}"
EndProject
Project("{FAE04EC0-301F-11D3-BF4B-00C04F79EFBC}") = "06._Pure_Divisor", "06._Pure_Divisor\06._Pure_Divisor.csproj", "{973EF3C6-E61A-4C02-ADA0-25C85CBA4EDB}"
EndProject
Project("{FAE04EC0-301F-11D3-BF4B-00C04F79EFBC}") = "07._First_Bit", "07._First_Bit\07._First_Bit.csproj", "{88FF23B8-218C-41C2-9E2C-F152355D249C}"
EndProject
Project("{FAE04EC0-301F-11D3-BF4B-00C04F79EFBC}") = "08._N-th_Bit", "08._N-th_Bit\08._N-th_Bit.csproj", "{D0CEE85E-9CBE-4210-BEF3-F3201967404F}"
EndProject
Global
	GlobalSection(SolutionConfigurationPlatforms) = preSolution
		Debug|x86 = Debug|x86
		Release|x86 = Release|x86
	EndGlobalSection
	GlobalSection(ProjectConfigurationPlatforms) = postSolution
		{2149A6A0-E8BC-4489-A00D-784DB1871260}.Debug|x86.ActiveCfg = Debug|x86
		{2149A6A0-E8BC-4489-A00D-784DB1871260}.Debug|x86.Build.0 = Debug|x86
		{2149A6A0-E8BC-4489-A00D-784DB1871260}.Release|x86.ActiveCfg = Release|x86
		{2149A6A0-E8BC-4489-A00D-784DB1871260}.Release|x86.Build.0 = Release|x86
		{4E082C7F-CB9F-485A-B535-62AA85813F84}.Debug|x86.ActiveCfg = Debug|x86
		{4E082C7F-CB9F-485A-B535-62AA85813F84}.Debug|x86.Build.0 = Debug|x86
		{4E082C7F-CB9F-485A-B535-62AA85813F84}.Release|x86.ActiveCfg = Release|x86
		{4E082C7F-CB9F-485A-B535-62AA85813F84}.Release|x86.Build.0 = Release|x86
		{792DA2D4-31E9-4EDC-AFF2-4B32D2DC3CBD}.Debug|x86.ActiveCfg = Debug|x86
		{792DA2D4-31E9-4EDC-AFF2-4B32D2DC3CBD}.Debug|x86.Build.0 = Debug|x86
		{792DA2D4-31E9-4EDC-AFF2-4B32D2DC3CBD}.Release|x86.ActiveCfg = Release|x86
		{792DA2D4-31E9-4EDC-AFF2-4B32D2DC3CBD}.Release|x86.Build.0 = Release|x86
		{88FF23B8-218C-41C2-9E2C-F152355D249C}.Debug|x86.ActiveCfg = Debug|x86
		{88FF23B8-218C-41C2-9E2C-F152355D249C}.Debug|x86.Build.0 = Debug|x86
		{88FF23B8-218C-41C2-9E2C-F152355D249C}.Release|x86.ActiveCfg = Release|x86
		{88FF23B8-218C-41C2-9E2C-F152355D249C}.Release|x86.Build.0 = Release|x86
		{973EF3C6-E61A-4C02-ADA0-25C85CBA4EDB}.Debug|x86.ActiveCfg = Debug|x86
		{973EF3C6-E61A-4C02-ADA0-25C85CBA4EDB}.Debug|x86.Build.0 = Debug|x86
		{973EF3C6-E61A-4C02-ADA0-25C85CBA4EDB}.Release|x86.ActiveCfg = Release|x86
		{973EF3C6-E61A-4C02-ADA0-25C85CBA4EDB}.Release|x86.Build.0 = Release|x86
		{D0CEE85E-9CBE-4210-BEF3-F3201967404F}.Debug|x86.ActiveCfg = Debug|x86
		{D0CEE85E-9CBE-4210-BEF3-F3201967404F}.Debug|x86.Build.0 = Debug|x86
		{D0CEE85E-9CBE-4210-BEF3-F3201967404F}.Release|x86.ActiveCfg = Release|x86
		{D0CEE85E-9CBE-4210-BEF3-F3201967404F}.Release|x86.Build.0 = Release|x86
		{DAFE75A2-674C-4445-B61D-AD2802BC85AC}.Debug|x86.ActiveCfg = Debug|x86
		{DAFE75A2-674C-4445-B61D-AD2802BC85AC}.Debug|x86.Build.0 = Debug|x86
		{DAFE75A2-674C-4445-B61D-AD2802BC85AC}.Release|x86.ActiveCfg = Release|x86
		{DAFE75A2-674C-4445-B61D-AD2802BC85AC}.Release|x86.Build.0 = Release|x86
		{F05915EC-236E-4258-8BE0-8BBB48EDF4E8}.Debug|x86.ActiveCfg = Debug|x86
		{F05915EC-236E-4258-8BE0-8BBB48EDF4E8}.Debug|x86.Build.0 = Debug|x86
		{F05915EC-236E-4258-8BE0-8BBB48EDF4E8}.Release|x86.ActiveCfg = Release|x86
		{F05915EC-236E-4258-8BE0-8BBB48EDF4E8}.Release|x86.Build.0 = Release|x86
	EndGlobalSection
	GlobalSection(MonoDevelopProperties) = preSolution
		Policies = $0
		$0.DotNetNamingPolicy = $1
		$1.DirectoryNamespaceAssociation = None
		$1.ResourceNamePolicy = FileFormatDefault
	EndGlobalSection
EndGlobal
