
Microsoft Visual Studio Solution File, Format Version 12.00
# Visual Studio 14
VisualStudioVersion = 14.0.24720.0
MinimumVisualStudioVersion = 10.0.40219.1
Project("{FAE04EC0-301F-11D3-BF4B-00C04F79EFBC}") = "01.  Sum of 3 Numbers", "01.  Sum of 3 Numbers\01.  Sum of 3 Numbers.csproj", "{C0997A74-FE26-4429-97F7-1830CA1196CE}"
EndProject
Project("{FAE04EC0-301F-11D3-BF4B-00C04F79EFBC}") = "02. Company Information", "02. Company Information\02. Company Information.csproj", "{310ABAB0-BBF1-46E9-9823-2DFD8062DA0A}"
EndProject
Project("{FAE04EC0-301F-11D3-BF4B-00C04F79EFBC}") = "03. Circle Maths", "03. Circle Maths\03. Circle Maths.csproj", "{436AE229-83FC-4282-8129-D29559DEBDA1}"
EndProject
Project("{FAE04EC0-301F-11D3-BF4B-00C04F79EFBC}") = "04. Number Comparer", "04. Number Comparer\04. Number Comparer.csproj", "{219025F7-1178-44C8-93FE-CFF0DE15493A}"
EndProject
Project("{FAE04EC0-301F-11D3-BF4B-00C04F79EFBC}") = "Falling Rocks", "Falling Rocks\Falling Rocks.csproj", "{7F02253E-9E8C-4278-9317-F245F118FC3F}"
EndProject
Global
	GlobalSection(SolutionConfigurationPlatforms) = preSolution
		Debug|Any CPU = Debug|Any CPU
		Release|Any CPU = Release|Any CPU
	EndGlobalSection
	GlobalSection(ProjectConfigurationPlatforms) = postSolution
		{C0997A74-FE26-4429-97F7-1830CA1196CE}.Debug|Any CPU.ActiveCfg = Debug|Any CPU
		{C0997A74-FE26-4429-97F7-1830CA1196CE}.Debug|Any CPU.Build.0 = Debug|Any CPU
		{C0997A74-FE26-4429-97F7-1830CA1196CE}.Release|Any CPU.ActiveCfg = Release|Any CPU
		{C0997A74-FE26-4429-97F7-1830CA1196CE}.Release|Any CPU.Build.0 = Release|Any CPU
		{310ABAB0-BBF1-46E9-9823-2DFD8062DA0A}.Debug|Any CPU.ActiveCfg = Debug|Any CPU
		{310ABAB0-BBF1-46E9-9823-2DFD8062DA0A}.Debug|Any CPU.Build.0 = Debug|Any CPU
		{310ABAB0-BBF1-46E9-9823-2DFD8062DA0A}.Release|Any CPU.ActiveCfg = Release|Any CPU
		{310ABAB0-BBF1-46E9-9823-2DFD8062DA0A}.Release|Any CPU.Build.0 = Release|Any CPU
		{436AE229-83FC-4282-8129-D29559DEBDA1}.Debug|Any CPU.ActiveCfg = Debug|Any CPU
		{436AE229-83FC-4282-8129-D29559DEBDA1}.Debug|Any CPU.Build.0 = Debug|Any CPU
		{436AE229-83FC-4282-8129-D29559DEBDA1}.Release|Any CPU.ActiveCfg = Release|Any CPU
		{436AE229-83FC-4282-8129-D29559DEBDA1}.Release|Any CPU.Build.0 = Release|Any CPU
		{219025F7-1178-44C8-93FE-CFF0DE15493A}.Debug|Any CPU.ActiveCfg = Debug|Any CPU
		{219025F7-1178-44C8-93FE-CFF0DE15493A}.Debug|Any CPU.Build.0 = Debug|Any CPU
		{219025F7-1178-44C8-93FE-CFF0DE15493A}.Release|Any CPU.ActiveCfg = Release|Any CPU
		{219025F7-1178-44C8-93FE-CFF0DE15493A}.Release|Any CPU.Build.0 = Release|Any CPU
		{7F02253E-9E8C-4278-9317-F245F118FC3F}.Debug|Any CPU.ActiveCfg = Debug|Any CPU
		{7F02253E-9E8C-4278-9317-F245F118FC3F}.Debug|Any CPU.Build.0 = Debug|Any CPU
		{7F02253E-9E8C-4278-9317-F245F118FC3F}.Release|Any CPU.ActiveCfg = Release|Any CPU
		{7F02253E-9E8C-4278-9317-F245F118FC3F}.Release|Any CPU.Build.0 = Release|Any CPU
	EndGlobalSection
	GlobalSection(SolutionProperties) = preSolution
		HideSolutionNode = FALSE
	EndGlobalSection
EndGlobal
