
Microsoft Visual Studio Solution File, Format Version 12.00
# Visual Studio 14
VisualStudioVersion = 14.0.24720.0
MinimumVisualStudioVersion = 10.0.40219.1
Project("{FAE04EC0-301F-11D3-BF4B-00C04F79EFBC}") = "01._Cake_Tycoon", "01._Cake_Tycoon\01._Cake_Tycoon.csproj", "{384E6733-71E2-4E50-8E7C-FFE883E743FE}"
EndProject
Project("{FAE04EC0-301F-11D3-BF4B-00C04F79EFBC}") = "02. Beer Stock", "02. Beer Stock\02. Beer Stock.csproj", "{E419B56F-4F68-436F-B005-8DE5A9A9D530}"
EndProject
Project("{FAE04EC0-301F-11D3-BF4B-00C04F79EFBC}") = "03. Illiminati Lock", "03. Illiminati Lock\03. Illiminati Lock.csproj", "{5491C31B-E990-498F-B66B-C3D641D9DEC3}"
EndProject
Project("{FAE04EC0-301F-11D3-BF4B-00C04F79EFBC}") = "04. Master Herbalist", "04. Master Herbalist\04. Master Herbalist.csproj", "{46C3ADF5-9BCE-4833-AEDF-E963785512A1}"
EndProject
Global
	GlobalSection(SolutionConfigurationPlatforms) = preSolution
		Debug|Any CPU = Debug|Any CPU
		Debug|x86 = Debug|x86
		Release|Any CPU = Release|Any CPU
		Release|x86 = Release|x86
	EndGlobalSection
	GlobalSection(ProjectConfigurationPlatforms) = postSolution
		{384E6733-71E2-4E50-8E7C-FFE883E743FE}.Debug|Any CPU.ActiveCfg = Debug|x86
		{384E6733-71E2-4E50-8E7C-FFE883E743FE}.Debug|x86.ActiveCfg = Debug|x86
		{384E6733-71E2-4E50-8E7C-FFE883E743FE}.Debug|x86.Build.0 = Debug|x86
		{384E6733-71E2-4E50-8E7C-FFE883E743FE}.Release|Any CPU.ActiveCfg = Release|x86
		{384E6733-71E2-4E50-8E7C-FFE883E743FE}.Release|x86.ActiveCfg = Release|x86
		{384E6733-71E2-4E50-8E7C-FFE883E743FE}.Release|x86.Build.0 = Release|x86
		{E419B56F-4F68-436F-B005-8DE5A9A9D530}.Debug|Any CPU.ActiveCfg = Debug|Any CPU
		{E419B56F-4F68-436F-B005-8DE5A9A9D530}.Debug|Any CPU.Build.0 = Debug|Any CPU
		{E419B56F-4F68-436F-B005-8DE5A9A9D530}.Debug|x86.ActiveCfg = Debug|Any CPU
		{E419B56F-4F68-436F-B005-8DE5A9A9D530}.Debug|x86.Build.0 = Debug|Any CPU
		{E419B56F-4F68-436F-B005-8DE5A9A9D530}.Release|Any CPU.ActiveCfg = Release|Any CPU
		{E419B56F-4F68-436F-B005-8DE5A9A9D530}.Release|Any CPU.Build.0 = Release|Any CPU
		{E419B56F-4F68-436F-B005-8DE5A9A9D530}.Release|x86.ActiveCfg = Release|Any CPU
		{E419B56F-4F68-436F-B005-8DE5A9A9D530}.Release|x86.Build.0 = Release|Any CPU
		{5491C31B-E990-498F-B66B-C3D641D9DEC3}.Debug|Any CPU.ActiveCfg = Debug|Any CPU
		{5491C31B-E990-498F-B66B-C3D641D9DEC3}.Debug|Any CPU.Build.0 = Debug|Any CPU
		{5491C31B-E990-498F-B66B-C3D641D9DEC3}.Debug|x86.ActiveCfg = Debug|Any CPU
		{5491C31B-E990-498F-B66B-C3D641D9DEC3}.Debug|x86.Build.0 = Debug|Any CPU
		{5491C31B-E990-498F-B66B-C3D641D9DEC3}.Release|Any CPU.ActiveCfg = Release|Any CPU
		{5491C31B-E990-498F-B66B-C3D641D9DEC3}.Release|Any CPU.Build.0 = Release|Any CPU
		{5491C31B-E990-498F-B66B-C3D641D9DEC3}.Release|x86.ActiveCfg = Release|Any CPU
		{5491C31B-E990-498F-B66B-C3D641D9DEC3}.Release|x86.Build.0 = Release|Any CPU
		{46C3ADF5-9BCE-4833-AEDF-E963785512A1}.Debug|Any CPU.ActiveCfg = Debug|Any CPU
		{46C3ADF5-9BCE-4833-AEDF-E963785512A1}.Debug|Any CPU.Build.0 = Debug|Any CPU
		{46C3ADF5-9BCE-4833-AEDF-E963785512A1}.Debug|x86.ActiveCfg = Debug|Any CPU
		{46C3ADF5-9BCE-4833-AEDF-E963785512A1}.Debug|x86.Build.0 = Debug|Any CPU
		{46C3ADF5-9BCE-4833-AEDF-E963785512A1}.Release|Any CPU.ActiveCfg = Release|Any CPU
		{46C3ADF5-9BCE-4833-AEDF-E963785512A1}.Release|Any CPU.Build.0 = Release|Any CPU
		{46C3ADF5-9BCE-4833-AEDF-E963785512A1}.Release|x86.ActiveCfg = Release|Any CPU
		{46C3ADF5-9BCE-4833-AEDF-E963785512A1}.Release|x86.Build.0 = Release|Any CPU
	EndGlobalSection
	GlobalSection(SolutionProperties) = preSolution
		HideSolutionNode = FALSE
	EndGlobalSection
	GlobalSection(MonoDevelopProperties) = preSolution
		StartupItem = 01._Cake_Tycoon\01._Cake_Tycoon.csproj
	EndGlobalSection
EndGlobal
