
Microsoft Visual Studio Solution File, Format Version 12.00
# Visual Studio 14
VisualStudioVersion = 14.0.24720.0
MinimumVisualStudioVersion = 10.0.40219.1
Project("{FAE04EC0-301F-11D3-BF4B-00C04F79EFBC}") = "02. Take the plane down", "02. Take the plane down\02. Take the plane down.csproj", "{F88E0FE8-8305-4A2E-81DC-D518082684AF}"
EndProject
Project("{FAE04EC0-301F-11D3-BF4B-00C04F79EFBC}") = "01. ImpressTheGirlfriend", "ImpressTheGirlfriend\01. ImpressTheGirlfriend.csproj", "{C269DE68-4E60-4CE2-BB82-DF16B37C6811}"
EndProject
Project("{FAE04EC0-301F-11D3-BF4B-00C04F79EFBC}") = "03. Ace Of Diamonds", "03. Ace Of Diamonds\03. Ace Of Diamonds.csproj", "{E7EDD1F7-C0EB-471B-A02F-1C65A761F1A9}"
EndProject
Global
	GlobalSection(SolutionConfigurationPlatforms) = preSolution
		Debug|Any CPU = Debug|Any CPU
		Release|Any CPU = Release|Any CPU
	EndGlobalSection
	GlobalSection(ProjectConfigurationPlatforms) = postSolution
		{F88E0FE8-8305-4A2E-81DC-D518082684AF}.Debug|Any CPU.ActiveCfg = Debug|Any CPU
		{F88E0FE8-8305-4A2E-81DC-D518082684AF}.Debug|Any CPU.Build.0 = Debug|Any CPU
		{F88E0FE8-8305-4A2E-81DC-D518082684AF}.Release|Any CPU.ActiveCfg = Release|Any CPU
		{F88E0FE8-8305-4A2E-81DC-D518082684AF}.Release|Any CPU.Build.0 = Release|Any CPU
		{C269DE68-4E60-4CE2-BB82-DF16B37C6811}.Debug|Any CPU.ActiveCfg = Debug|Any CPU
		{C269DE68-4E60-4CE2-BB82-DF16B37C6811}.Debug|Any CPU.Build.0 = Debug|Any CPU
		{C269DE68-4E60-4CE2-BB82-DF16B37C6811}.Release|Any CPU.ActiveCfg = Release|Any CPU
		{C269DE68-4E60-4CE2-BB82-DF16B37C6811}.Release|Any CPU.Build.0 = Release|Any CPU
		{E7EDD1F7-C0EB-471B-A02F-1C65A761F1A9}.Debug|Any CPU.ActiveCfg = Debug|Any CPU
		{E7EDD1F7-C0EB-471B-A02F-1C65A761F1A9}.Debug|Any CPU.Build.0 = Debug|Any CPU
		{E7EDD1F7-C0EB-471B-A02F-1C65A761F1A9}.Release|Any CPU.ActiveCfg = Release|Any CPU
		{E7EDD1F7-C0EB-471B-A02F-1C65A761F1A9}.Release|Any CPU.Build.0 = Release|Any CPU
	EndGlobalSection
	GlobalSection(SolutionProperties) = preSolution
		HideSolutionNode = FALSE
	EndGlobalSection
EndGlobal
